
Microsoft Visual Studio Solution File, Format Version 12.00
# Visual Studio Version 17
VisualStudioVersion = 17.7.34031.279
MinimumVisualStudioVersion = 10.0.40219.1
Project("{9A19103F-16F7-4668-BE54-9A1E7A4F7556}") = "Practice", "c#_practice\Practice.csproj", "{5AA0749E-E482-4B8E-8A54-513816FBAC25}"
EndProject
Global
	GlobalSection(SolutionConfigurationPlatforms) = preSolution
		Debug|Any CPU = Debug|Any CPU
		Release|Any CPU = Release|Any CPU
	EndGlobalSection
	GlobalSection(ProjectConfigurationPlatforms) = postSolution
		{5AA0749E-E482-4B8E-8A54-513816FBAC25}.Debug|Any CPU.ActiveCfg = Debug|Any CPU
		{5AA0749E-E482-4B8E-8A54-513816FBAC25}.Debug|Any CPU.Build.0 = Debug|Any CPU
		{5AA0749E-E482-4B8E-8A54-513816FBAC25}.Release|Any CPU.ActiveCfg = Release|Any CPU
		{5AA0749E-E482-4B8E-8A54-513816FBAC25}.Release|Any CPU.Build.0 = Release|Any CPU
	EndGlobalSection
	GlobalSection(SolutionProperties) = preSolution
		HideSolutionNode = FALSE
	EndGlobalSection
	GlobalSection(ExtensibilityGlobals) = postSolution
		SolutionGuid = {561C5080-7E5D-4294-9F73-3D68AFBF3515}
	EndGlobalSection
EndGlobal
